# THIS IS AN AUTOGENERATED FILE. DO NOT EDIT THIS FILE DIRECTLY.
# yarn lockfile v1


async-threading@^1.0.2:
  version "1.0.2"
  resolved "https://registry.yarnpkg.com/async-threading/-/async-threading-1.0.2.tgz#e50b3a74bffe63a1019411f01c04d0c4b0ce7ada"
  integrity sha512-4yOwnZ6X6FbGPskEMWfUC2KOy2gB3V65nV4v1U2mJLP1ffomkpMuw8U2BRZU3oqjzkC7QKX5qAbr1OhYxV7aVw==

matter-js@^0.14.2:
  version "0.14.2"
  resolved "https://registry.yarnpkg.com/matter-js/-/matter-js-0.14.2.tgz#8169af9e06fdc356ba9e72b49624eb329839883b"
  integrity sha512-3ttVT8cJlQnGRjBa8MyVrGyvGmnmOkZ3YsyemIw+KwEEdVi70mo32FH1Eta2b3GfdDJFbMDRqyMQt4heNKBUEA==

ws@^7.2.3:
  version "7.2.3"
  resolved "https://registry.yarnpkg.com/ws/-/ws-7.2.3.tgz#a5411e1fb04d5ed0efee76d26d5c46d830c39b46"
  integrity sha512-HTDl9G9hbkNDk98naoR/cHDws7+EyYMOdL1BmjsZXRUjf7d+MficC4B7HLUPlSiho0vg+CWKrGIt/VJBd1xunQ==
